Microsoft Visual Studio Solution File, Format Version 11.00
# Visual Studio 2008

Project("{A020261E-1A5F-A044-71FD-ED386E67035C}") = "Bond-acel", "Assembly-CSharp-firstpass.csproj", "{DDE11C40-7F37-D568-A288-7D11D5887360}"
EndProject
Project("{A020261E-1A5F-A044-71FD-ED386E67035C}") = "Bond-acel", "Assembly-CSharp.csproj", "{4152F33F-BA50-127F-42BA-0E798200C79D}"
EndProject
Project("{A020261E-1A5F-A044-71FD-ED386E67035C}") = "Bond-acel", "Assembly-CSharp-Editor.csproj", "{8A019BDF-B71C-A2D5-79CC-04F6CBD5BFA7}"
EndProject
Global
	GlobalSection(SolutionConfigurationPlatforms) = preSolution
		Debug|Any CPU = Debug|Any CPU
		Release|Any CPU = Release|Any CPU
	EndGlobalSection
	GlobalSection(ProjectConfigurationPlatforms) = postSolution
		{DDE11C40-7F37-D568-A288-7D11D5887360}.Debug|Any CPU.ActiveCfg = Debug|Any CPU
		{DDE11C40-7F37-D568-A288-7D11D5887360}.Debug|Any CPU.Build.0 = Debug|Any CPU
		{DDE11C40-7F37-D568-A288-7D11D5887360}.Release|Any CPU.ActiveCfg = Release|Any CPU
		{DDE11C40-7F37-D568-A288-7D11D5887360}.Release|Any CPU.Build.0 = Release|Any CPU
		{4152F33F-BA50-127F-42BA-0E798200C79D}.Debug|Any CPU.ActiveCfg = Debug|Any CPU
		{4152F33F-BA50-127F-42BA-0E798200C79D}.Debug|Any CPU.Build.0 = Debug|Any CPU
		{4152F33F-BA50-127F-42BA-0E798200C79D}.Release|Any CPU.ActiveCfg = Release|Any CPU
		{4152F33F-BA50-127F-42BA-0E798200C79D}.Release|Any CPU.Build.0 = Release|Any CPU
		{8A019BDF-B71C-A2D5-79CC-04F6CBD5BFA7}.Debug|Any CPU.ActiveCfg = Debug|Any CPU
		{8A019BDF-B71C-A2D5-79CC-04F6CBD5BFA7}.Debug|Any CPU.Build.0 = Debug|Any CPU
		{8A019BDF-B71C-A2D5-79CC-04F6CBD5BFA7}.Release|Any CPU.ActiveCfg = Release|Any CPU
		{8A019BDF-B71C-A2D5-79CC-04F6CBD5BFA7}.Release|Any CPU.Build.0 = Release|Any CPU
	EndGlobalSection
	GlobalSection(SolutionProperties) = preSolution
		HideSolutionNode = FALSE
	EndGlobalSection
	GlobalSection(MonoDevelopProperties) = preSolution
		StartupItem = Assembly-CSharp.csproj
	EndGlobalSection
EndGlobal
